
Microsoft Visual Studio Solution File, Format Version 12.00
# Visual Studio Version 17
VisualStudioVersion = 17.5.33530.505
MinimumVisualStudioVersion = 10.0.40219.1
Project("{9A19103F-16F7-4668-BE54-9A1E7A4F7556}") = "MilkyWeb", "MilkyWeb\MilkyWeb.csproj", "{10BE84EF-21A4-4B88-8202-B2322A7DAABF}"
EndProject
Project("{FAE04EC0-301F-11D3-BF4B-00C04F79EFBC}") = "MilkyRazor", "MilkyRazor\MilkyRazor.csproj", "{AB213A71-0113-45AA-A3B3-812E875A926A}"
EndProject
Global
	GlobalSection(SolutionConfigurationPlatforms) = preSolution
		Debug|Any CPU = Debug|Any CPU
		Release|Any CPU = Release|Any CPU
	EndGlobalSection
	GlobalSection(ProjectConfigurationPlatforms) = postSolution
		{10BE84EF-21A4-4B88-8202-B2322A7DAABF}.Debug|Any CPU.ActiveCfg = Debug|Any CPU
		{10BE84EF-21A4-4B88-8202-B2322A7DAABF}.Debug|Any CPU.Build.0 = Debug|Any CPU
		{10BE84EF-21A4-4B88-8202-B2322A7DAABF}.Release|Any CPU.ActiveCfg = Release|Any CPU
		{10BE84EF-21A4-4B88-8202-B2322A7DAABF}.Release|Any CPU.Build.0 = Release|Any CPU
		{AB213A71-0113-45AA-A3B3-812E875A926A}.Debug|Any CPU.ActiveCfg = Debug|Any CPU
		{AB213A71-0113-45AA-A3B3-812E875A926A}.Debug|Any CPU.Build.0 = Debug|Any CPU
		{AB213A71-0113-45AA-A3B3-812E875A926A}.Release|Any CPU.ActiveCfg = Release|Any CPU
		{AB213A71-0113-45AA-A3B3-812E875A926A}.Release|Any CPU.Build.0 = Release|Any CPU
	EndGlobalSection
	GlobalSection(SolutionProperties) = preSolution
		HideSolutionNode = FALSE
	EndGlobalSection
	GlobalSection(ExtensibilityGlobals) = postSolution
		SolutionGuid = {BE5CDB29-C219-4B41-88BD-83D0D83F4F73}
	EndGlobalSection
EndGlobal
